// !$*UTF8*$!
{
	archiveVersion = 1;
	classes = {
	};
	objectVersion = 50;
	objects = {

/* Begin PBXBuildFile section */
		4652857F20DA7E5E009154C2 /* AppDelegate.swift in Sources */ = {isa = PBXBuildFile; fileRef = 4652857E20DA7E5E009154C2 /* AppDelegate.swift */; };
		4652858120DA7E5E009154C2 /* ViewController.swift in Sources */ = {isa = PBXBuildFile; fileRef = 4652858020DA7E5E009154C2 /* ViewController.swift */; };
		4652858420DA7E5F009154C2 /* Main.storyboard in Resources */ = {isa = PBXBuildFile; fileRef = 4652858220DA7E5F009154C2 /* Main.storyboard */; };
		4652858620DA7E71009154C2 /* Assets.xcassets in Resources */ = {isa = PBXBuildFile; fileRef = 4652858520DA7E71009154C2 /* Assets.xcassets */; };
		4652858920DA7E71009154C2 /* LaunchScreen.storyboard in Resources */ = {isa = PBXBuildFile; fileRef = 4652858720DA7E71009154C2 /* LaunchScreen.storyboard */; };
		4652859120DA85CA009154C2 /* CustomView.swift in Sources */ = {isa = PBXBuildFile; fileRef = 4652859020DA85CA009154C2 /* CustomView.swift */; };
/* End PBXBuildFile section */

/* Begin PBXFileReference section */
		4652857B20DA7E5E009154C2 /* CreatingDesignableUserInterfaces.app */ = {isa = PBXFileReference; explicitFileType = wrapper.application; includeInIndex = 0; path = CreatingDesignableUserInterfaces.app; sourceTree = BUILT_PRODUCTS_DIR; };
		4652857E20DA7E5E009154C2 /* AppDelegate.swift */ = {isa = PBXFileReference; lastKnownFileType = sourcecode.swift; path = AppDelegate.swift; sourceTree = "<group>"; };
		4652858020DA7E5E009154C2 /* ViewController.swift */ = {isa = PBXFileReference; lastKnownFileType = sourcecode.swift; path = ViewController.swift; sourceTree = "<group>"; };
		4652858320DA7E5F009154C2 /* Base */ = {isa = PBXFileReference; lastKnownFileType = file.storyboard; name = Base; path = Base.lproj/Main.storyboard; sourceTree = "<group>"; };
		4652858520DA7E71009154C2 /* Assets.xcassets */ = {isa = PBXFileReference; lastKnownFileType = folder.assetcatalog; path = Assets.xcassets; sourceTree = "<group>"; };
		4652858820DA7E71009154C2 /* Base */ = {isa = PBXFileReference; lastKnownFileType = file.storyboard; name = Base; path = Base.lproj/LaunchScreen.storyboard; sourceTree = "<group>"; };
		4652858A20DA7E71009154C2 /* Info.plist */ = {isa = PBXFileReference; lastKnownFileType = text.plist.xml; path = Info.plist; sourceTree = "<group>"; };
		4652859020DA85CA009154C2 /* CustomView.swift */ = {isa = PBXFileReference; lastKnownFileType = sourcecode.swift; path = CustomView.swift; sourceTree = "<group>"; };
/* End PBXFileReference section */

/* Begin PBXFrameworksBuildPhase section */
		4652857820DA7E5E009154C2 /* Frameworks */ = {
			isa = PBXFrameworksBuildPhase;
			buildActionMask = 2147483647;
			files = (
			);
			runOnlyForDeploymentPostprocessing = 0;
		};
/* End PBXFrameworksBuildPhase section */

/* Begin PBXGroup section */
		4652857220DA7E5E009154C2 = {
			isa = PBXGroup;
			children = (
				4652857D20DA7E5E009154C2 /* CreatingDesignableUserInterfaces */,
				4652857C20DA7E5E009154C2 /* Products */,
			);
			sourceTree = "<group>";
		};
		4652857C20DA7E5E009154C2 /* Products */ = {
			isa = PBXGroup;
			children = (
				4652857B20DA7E5E009154C2 /* CreatingDesignableUserInterfaces.app */,
			);
			name = Products;
			sourceTree = "<group>";
		};
		4652857D20DA7E5E009154C2 /* CreatingDesignableUserInterfaces */ = {
			isa = PBXGroup;
			children = (
				4652857E20DA7E5E009154C2 /* AppDelegate.swift */,
				4652858020DA7E5E009154C2 /* ViewController.swift */,
				4652858220DA7E5F009154C2 /* Main.storyboard */,
				4652858520DA7E71009154C2 /* Assets.xcassets */,
				4652858720DA7E71009154C2 /* LaunchScreen.storyboard */,
				4652858A20DA7E71009154C2 /* Info.plist */,
				4652859020DA85CA009154C2 /* CustomView.swift */,
			);
			path = CreatingDesignableUserInterfaces;
			sourceTree = "<group>";
		};
/* End PBXGroup section */

/* Begin PBXNativeTarget section */
		4652857A20DA7E5E009154C2 /* CreatingDesignableUserInterfaces */ = {
			isa = PBXNativeTarget;
			buildConfigurationList = 4652858D20DA7E71009154C2 /* Build configuration list for PBXNativeTarget "CreatingDesignableUserInterfaces" */;
			buildPhases = (
				4652857720DA7E5E009154C2 /* Sources */,
				4652857820DA7E5E009154C2 /* Frameworks */,
				4652857920DA7E5E009154C2 /* Resources */,
			);
			buildRules = (
			);
			dependencies = (
			);
			name = CreatingDesignableUserInterfaces;
			productName = CreatingDesignableUserInterfaces;
			productReference = 4652857B20DA7E5E009154C2 /* CreatingDesignableUserInterfaces.app */;
			productType = "com.apple.product-type.application";
		};
/* End PBXNativeTarget section */

/* Begin PBXProject section */
		4652857320DA7E5E009154C2 /* Project object */ = {
			isa = PBXProject;
			attributes = {
				LastSwiftUpdateCheck = 0940;
				LastUpgradeCheck = 0940;
				ORGANIZATIONNAME = "Mohamed Kelany";
				TargetAttributes = {
					4652857A20DA7E5E009154C2 = {
						CreatedOnToolsVersion = 9.4;
					};
				};
			};
			buildConfigurationList = 4652857620DA7E5E009154C2 /* Build configuration list for PBXProject "CreatingDesignableUserInterfaces" */;
			compatibilityVersion = "Xcode 9.3";
			developmentRegion = en;
			hasScannedForEncodings = 0;
			knownRegions = (
				en,
				Base,
			);
			mainGroup = 4652857220DA7E5E009154C2;
			productRefGroup = 4652857C20DA7E5E009154C2 /* Products */;
			projectDirPath = "";
			projectRoot = "";
			targets = (
				4652857A20DA7E5E009154C2 /* CreatingDesignableUserInterfaces */,
			);
		};
/* End PBXProject section */

/* Begin PBXResourcesBuildPhase section */
		4652857920DA7E5E009154C2 /* Resources */ = {
			isa = PBXResourcesBuildPhase;
			buildActionMask = 2147483647;
			files = (
				4652858920DA7E71009154C2 /* LaunchScreen.storyboard in Resources */,
				4652858620DA7E71009154C2 /* Assets.xcassets in Resources */,
				4652858420DA7E5F009154C2 /* Main.storyboard in Resources */,
			);
			runOnlyForDeploymentPostprocessing = 0;
		};
/* End PBXResourcesBuildPhase section */

/* Begin PBXSourcesBuildPhase section */
		4652857720DA7E5E009154C2 /* Sources */ = {
			isa = PBXSourcesBuildPhase;
			buildActionMask = 2147483647;
			files = (
				4652859120DA85CA009154C2 /* CustomView.swift in Sources */,
				4652858120DA7E5E009154C2 /* ViewController.swift in Sources */,
				4652857F20DA7E5E009154C2 /* AppDelegate.swift in Sources */,
			);
			runOnlyForDeploymentPostprocessing = 0;
		};
/* End PBXSourcesBuildPhase section */

/* Begin PBXVariantGroup section */
		4652858220DA7E5F009154C2 /* Main.storyboard */ = {
			isa = PBXVariantGroup;
			children = (
				4652858320DA7E5F009154C2 /* Base */,
			);
			name = Main.storyboard;
			sourceTree = "<group>";
		};
		4652858720DA7E71009154C2 /* LaunchScreen.storyboard */ = {
			isa = PBXVariantGroup;
			children = (
				4652858820DA7E71009154C2 /* Base */,
			);
			name = LaunchScreen.storyboard;
			sourceTree = "<group>";
		};
/* End PBXVariantGroup section */

/* Begin XCBuildConfiguration section */
		4652858B20DA7E71009154C2 /* Debug */ = {
			isa = XCBuildConfiguration;
			buildSettings = {
				ALWAYS_SEARCH_USER_PATHS = NO;
				CLANG_ANALYZER_NONNULL = YES;
				CLANG_ANALYZER_NUMBER_OBJECT_CONVERSION = YES_AGGRESSIVE;
				CLANG_CXX_LANGUAGE_STANDARD = "gnu++14";
				CLANG_CXX_LIBRARY = "libc++";
				CLANG_ENABLE_MODULES = YES;
				CLANG_ENABLE_OBJC_ARC = YES;
				CLANG_ENABLE_OBJC_WEAK = YES;
				CLANG_WARN_BLOCK_CAPTURE_AUTORELEASING = YES;
				CLANG_WARN_BOOL_CONVERSION = YES;
				CLANG_WARN_COMMA = YES;
				CLANG_WARN_CONSTANT_CONVERSION = YES;
				CLANG_WARN_DEPRECATED_OBJC_IMPLEMENTATIONS = YES;
				CLANG_WARN_DIRECT_OBJC_ISA_USAGE = YES_ERROR;
				CLANG_WARN_DOCUMENTATION_COMMENTS = YES;
				CLANG_WARN_EMPTY_BODY = YES;
				CLANG_WARN_ENUM_CONVERSION = YES;
				CLANG_WARN_INFINITE_RECURSION = YES;
				CLANG_WARN_INT_CONVERSION = YES;
				CLANG_WARN_NON_LITERAL_NULL_CONVERSION = YES;
				CLANG_WARN_OBJC_IMPLICIT_RETAIN_SELF = YES;
				CLANG_WARN_OBJC_LITERAL_CONVERSION = YES;
				CLANG_WARN_OBJC_ROOT_CLASS = YES_ERROR;
				CLANG_WARN_RANGE_LOOP_ANALYSIS = YES;
				CLANG_WARN_STRICT_PROTOTYPES = YES;
				CLANG_WARN_SUSPICIOUS_MOVE = YES;
				CLANG_WARN_UNGUARDED_AVAILABILITY = YES_AGGRESSIVE;
				CLANG_WARN_UNREACHABLE_CODE = YES;
				CLANG_WARN__DUPLICATE_METHOD_MATCH = YES;
				CODE_SIGN_IDENTITY = "iPhone Developer";
				COPY_PHASE_STRIP = NO;
				DEBUG_INFORMATION_FORMAT = dwarf;
				ENABLE_STRICT_OBJC_MSGSEND = YES;
				ENABLE_TESTABILITY = YES;
				GCC_C_LANGUAGE_STANDARD = gnu11;
				GCC_DYNAMIC_NO_PIC = NO;
				GCC_NO_COMMON_BLOCKS = YES;
				GCC_OPTIMIZATION_LEVEL = 0;
				GCC_PREPROCESSOR_DEFINITIONS = (
					"DEBUG=1",
					"$(inherited)",
				);
				GCC_WARN_64_TO_32_BIT_CONVERSION = YES;
				GCC_WARN_ABOUT_RETURN_TYPE = YES_ERROR;
				GCC_WARN_UNDECLARED_SELECTOR = YES;
				GCC_WARN_UNINITIALIZED_AUTOS = YES_AGGRESSIVE;
				GCC_WARN_UNUSED_FUNCTION = YES;
				GCC_WARN_UNUSED_VARIABLE = YES;
				IPHONEOS_DEPLOYMENT_TARGET = 11.4;
				MTL_ENABLE_DEBUG_INFO = YES;
				ONLY_ACTIVE_ARCH = YES;
				SDKROOT = iphoneos;
				SWIFT_ACTIVE_COMPILATION_CONDITIONS = DEBUG;
				SWIFT_OPTIMIZATION_LEVEL = "-Onone";
			};
			name = Debug;
		};
		4652858C20DA7E71009154C2 /* Release */ = {
			isa = XCBuildConfiguration;
			buildSettings = {
				ALWAYS_SEARCH_USER_PATHS = NO;
				CLANG_ANALYZER_NONNULL = YES;
				CLANG_ANALYZER_NUMBER_OBJECT_CONVERSION = YES_AGGRESSIVE;
				CLANG_CXX_LANGUAGE_STANDARD = "gnu++14";
				CLANG_CXX_LIBRARY = "libc++";
				CLANG_ENABLE_MODULES = YES;
				CLANG_ENABLE_OBJC_ARC = YES;
				CLANG_ENABLE_OBJC_WEAK = YES;
				CLANG_WARN_BLOCK_CAPTURE_AUTORELEASING = YES;
				CLANG_WARN_BOOL_CONVERSION = YES;
				CLANG_WARN_COMMA = YES;
				CLANG_WARN_CONSTANT_CONVERSION = YES;
				CLANG_WARN_DEPRECATED_OBJC_IMPLEMENTATIONS = YES;
				CLANG_WARN_DIRECT_OBJC_ISA_USAGE = YES_ERROR;
				CLANG_WARN_DOCUMENTATION_COMMENTS = YES;
				CLANG_WARN_EMPTY_BODY = YES;
				CLANG_WARN_ENUM_CONVERSION = YES;
				CLANG_WARN_INFINITE_RECURSION = YES;
				CLANG_WARN_INT_CONVERSION = YES;
				CLANG_WARN_NON_LITERAL_NULL_CONVERSION = YES;
				CLANG_WARN_OBJC_IMPLICIT_RETAIN_SELF = YES;
				CLANG_WARN_OBJC_LITERAL_CONVERSION = YES;
				CLANG_WARN_OBJC_ROOT_CLASS = YES_ERROR;
				CLANG_WARN_RANGE_LOOP_ANALYSIS = YES;
				CLANG_WARN_STRICT_PROTOTYPES = YES;
				CLANG_WARN_SUSPICIOUS_MOVE = YES;
				CLANG_WARN_UNGUARDED_AVAILABILITY = YES_AGGRESSIVE;
				CLANG_WARN_UNREACHABLE_CODE = YES;
				CLANG_WARN__DUPLICATE_METHOD_MATCH = YES;
				CODE_SIGN_IDENTITY = "iPhone Developer";
				COPY_PHASE_STRIP = NO;
				DEBUG_INFORMATION_FORMAT = "dwarf-with-dsym";
				ENABLE_NS_ASSERTIONS = NO;
				ENABLE_STRICT_OBJC_MSGSEND = YES;
				GCC_C_LANGUAGE_STANDARD = gnu11;
				GCC_NO_COMMON_BLOCKS = YES;
				GCC_WARN_64_TO_32_BIT_CONVERSION = YES;
				GCC_WARN_ABOUT_RETURN_TYPE = YES_ERROR;
				GCC_WARN_UNDECLARED_SELECTOR = YES;
				GCC_WARN_UNINITIALIZED_AUTOS = YES_AGGRESSIVE;
				GCC_WARN_UNUSED_FUNCTION = YES;
				GCC_WARN_UNUSED_VARIABLE = YES;
				IPHONEOS_DEPLOYMENT_TARGET = 11.4;
				MTL_ENABLE_DEBUG_INFO = NO;
				SDKROOT = iphoneos;
				SWIFT_COMPILATION_MODE = wholemodule;
				SWIFT_OPTIMIZATION_LEVEL = "-O";
				VALIDATE_PRODUCT = YES;
			};
			name = Release;
		};
		4652858E20DA7E71009154C2 /* Debug */ = {
			isa = XCBuildConfiguration;
			buildSettings = {
				ASSETCATALOG_COMPILER_APPICON_NAME = AppIcon;
				CODE_SIGN_STYLE = Automatic;
				DEVELOPMENT_TEAM = 5YA4F6ZP59;
				INFOPLIST_FILE = CreatingDesignableUserInterfaces/Info.plist;
				LD_RUNPATH_SEARCH_PATHS = (
					"$(inherited)",
					"@executable_path/Frameworks",
				);
				PRODUCT_BUNDLE_IDENTIFIER = com.kelany.CreatingDesignableUserInterfaces;
				PRODUCT_NAME = "$(TARGET_NAME)";
				SWIFT_VERSION = 4.0;
				TARGETED_DEVICE_FAMILY = "1,2";
			};
			name = Debug;
		};
		4652858F20DA7E71009154C2 /* Release */ = {
			isa = XCBuildConfiguration;
			buildSettings = {
				ASSETCATALOG_COMPILER_APPICON_NAME = AppIcon;
				CODE_SIGN_STYLE = Automatic;
				DEVELOPMENT_TEAM = 5YA4F6ZP59;
				INFOPLIST_FILE = CreatingDesignableUserInterfaces/Info.plist;
				LD_RUNPATH_SEARCH_PATHS = (
					"$(inherited)",
					"@executable_path/Frameworks",
				);
				PRODUCT_BUNDLE_IDENTIFIER = com.kelany.CreatingDesignableUserInterfaces;
				PRODUCT_NAME = "$(TARGET_NAME)";
				SWIFT_VERSION = 4.0;
				TARGETED_DEVICE_FAMILY = "1,2";
			};
			name = Release;
		};
/* End XCBuildConfiguration section */

/* Begin XCConfigurationList section */
		4652857620DA7E5E009154C2 /* Build configuration list for PBXProject "CreatingDesignableUserInterfaces" */ = {
			isa = XCConfigurationList;
			buildConfigurations = (
				4652858B20DA7E71009154C2 /* Debug */,
				4652858C20DA7E71009154C2 /* Release */,
			);
			defaultConfigurationIsVisible = 0;
			defaultConfigurationName = Release;
		};
		4652858D20DA7E71009154C2 /* Build configuration list for PBXNativeTarget "CreatingDesignableUserInterfaces" */ = {
			isa = XCConfigurationList;
			buildConfigurations = (
				4652858E20DA7E71009154C2 /* Debug */,
				4652858F20DA7E71009154C2 /* Release */,
			);
			defaultConfigurationIsVisible = 0;
			defaultConfigurationName = Release;
		};
/* End XCConfigurationList section */
	};
	rootObject = 4652857320DA7E5E009154C2 /* Project object */;
}
